<?xml version="1.0" encoding="utf-8"?>
<Project ToolsVersion="4.0" xmlns="http://schemas.microsoft.com/developer/msbuild/2003">
  <ItemGroup>
    <Filter Include="Source Files">
      <UniqueIdentifier>{4FC737F1-C7A5-4376-A066-2A32D752A2FF}</UniqueIdentifier>
      <Extensions>cpp;c;cc;cxx;c++;cppm;ixx;def;odl;idl;hpj;bat;asm;asmx</Extensions>
    </Filter>
    <Filter Include="Include">
      <UniqueIdentifier>{5d1b0f0a-480f-4e5b-a11a-c57b022e2eb2}</UniqueIdentifier>
    </Filter>
  </ItemGroup>
  <ItemGroup>
    <ClCompile Include="KimuraConverter.cpp">
      <Filter>Source Files</Filter>
    </ClCompile>
    <ClCompile Include="Threadpool\Threadpool.cpp">
      <Filter>Source Files</Filter>
    </ClCompile>
  </ItemGroup>
  <ItemGroup>
    <ClInclude Include="KimuraConverter.h">
      <Filter>Source Files</Filter>
    </ClInclude>
    <ClInclude Include="Threadpool\Threadpool.h">
      <Filter>Source Files</Filter>
    </ClInclude>
    <ClInclude Include="Include\IKimuraConverter.h">
      <Filter>Include</Filter>
    </ClInclude>
  </ItemGroup>
</Project>